
Microsoft Visual Studio Solution File, Format Version 12.00
# Visual Studio Version 17
VisualStudioVersion = 17.11.35219.272
MinimumVisualStudioVersion = 10.0.40219.1
Project("{9A19103F-16F7-4668-BE54-9A1E7A4F7556}") = "NagMe", "NagMe\NagMe.csproj", "{CE492AA6-84B8-41CE-A6FF-04DA6BD2FA79}"
EndProject
Project("{B7DD6F7E-DEF8-4E67-B5B7-07EF123DB6F0}") = "Installer", "Installer\Installer.wixproj", "{184D0D26-8F9C-4B5D-A80F-FEFD0CD53532}"
EndProject
Project("{2150E333-8FDC-42A3-9474-1A3956D46DE8}") = "SolutionItems", "SolutionItems", "{9D418922-5648-40D7-B0DA-70A201375918}"
EndProject
Project("{2150E333-8FDC-42A3-9474-1A3956D46DE8}") = "ReleaseNotes", "ReleaseNotes", "{FB4B0D60-43A5-4EDA-B7CB-16AC12CFF9DA}"
	ProjectSection(SolutionItems) = preProject
		ReleaseNotes\v-.-.-.md = ReleaseNotes\v-.-.-.md
		ReleaseNotes\v0.1.11.md = ReleaseNotes\v0.1.11.md
	EndProjectSection
EndProject
Global
	GlobalSection(SolutionConfigurationPlatforms) = preSolution
		Debug|Any CPU = Debug|Any CPU
		Debug|ARM64 = Debug|ARM64
		Debug|x64 = Debug|x64
		Debug|x86 = Debug|x86
		Release|Any CPU = Release|Any CPU
		Release|ARM64 = Release|ARM64
		Release|x64 = Release|x64
		Release|x86 = Release|x86
	EndGlobalSection
	GlobalSection(ProjectConfigurationPlatforms) = postSolution
		{CE492AA6-84B8-41CE-A6FF-04DA6BD2FA79}.Debug|Any CPU.ActiveCfg = Debug|Any CPU
		{CE492AA6-84B8-41CE-A6FF-04DA6BD2FA79}.Debug|Any CPU.Build.0 = Debug|Any CPU
		{CE492AA6-84B8-41CE-A6FF-04DA6BD2FA79}.Debug|ARM64.ActiveCfg = Debug|Any CPU
		{CE492AA6-84B8-41CE-A6FF-04DA6BD2FA79}.Debug|ARM64.Build.0 = Debug|Any CPU
		{CE492AA6-84B8-41CE-A6FF-04DA6BD2FA79}.Debug|x64.ActiveCfg = Debug|Any CPU
		{CE492AA6-84B8-41CE-A6FF-04DA6BD2FA79}.Debug|x64.Build.0 = Debug|Any CPU
		{CE492AA6-84B8-41CE-A6FF-04DA6BD2FA79}.Debug|x86.ActiveCfg = Debug|Any CPU
		{CE492AA6-84B8-41CE-A6FF-04DA6BD2FA79}.Debug|x86.Build.0 = Debug|Any CPU
		{CE492AA6-84B8-41CE-A6FF-04DA6BD2FA79}.Release|Any CPU.ActiveCfg = Release|Any CPU
		{CE492AA6-84B8-41CE-A6FF-04DA6BD2FA79}.Release|Any CPU.Build.0 = Release|Any CPU
		{CE492AA6-84B8-41CE-A6FF-04DA6BD2FA79}.Release|ARM64.ActiveCfg = Release|Any CPU
		{CE492AA6-84B8-41CE-A6FF-04DA6BD2FA79}.Release|ARM64.Build.0 = Release|Any CPU
		{CE492AA6-84B8-41CE-A6FF-04DA6BD2FA79}.Release|x64.ActiveCfg = Release|Any CPU
		{CE492AA6-84B8-41CE-A6FF-04DA6BD2FA79}.Release|x64.Build.0 = Release|Any CPU
		{CE492AA6-84B8-41CE-A6FF-04DA6BD2FA79}.Release|x86.ActiveCfg = Release|Any CPU
		{CE492AA6-84B8-41CE-A6FF-04DA6BD2FA79}.Release|x86.Build.0 = Release|Any CPU
		{184D0D26-8F9C-4B5D-A80F-FEFD0CD53532}.Debug|Any CPU.ActiveCfg = Debug|x64
		{184D0D26-8F9C-4B5D-A80F-FEFD0CD53532}.Debug|Any CPU.Build.0 = Debug|x64
		{184D0D26-8F9C-4B5D-A80F-FEFD0CD53532}.Debug|ARM64.ActiveCfg = Debug|ARM64
		{184D0D26-8F9C-4B5D-A80F-FEFD0CD53532}.Debug|ARM64.Build.0 = Debug|ARM64
		{184D0D26-8F9C-4B5D-A80F-FEFD0CD53532}.Debug|x64.ActiveCfg = Debug|x64
		{184D0D26-8F9C-4B5D-A80F-FEFD0CD53532}.Debug|x64.Build.0 = Debug|x64
		{184D0D26-8F9C-4B5D-A80F-FEFD0CD53532}.Debug|x86.ActiveCfg = Debug|x86
		{184D0D26-8F9C-4B5D-A80F-FEFD0CD53532}.Debug|x86.Build.0 = Debug|x86
		{184D0D26-8F9C-4B5D-A80F-FEFD0CD53532}.Release|Any CPU.ActiveCfg = Release|x64
		{184D0D26-8F9C-4B5D-A80F-FEFD0CD53532}.Release|Any CPU.Build.0 = Release|x64
		{184D0D26-8F9C-4B5D-A80F-FEFD0CD53532}.Release|ARM64.ActiveCfg = Release|ARM64
		{184D0D26-8F9C-4B5D-A80F-FEFD0CD53532}.Release|ARM64.Build.0 = Release|ARM64
		{184D0D26-8F9C-4B5D-A80F-FEFD0CD53532}.Release|x64.ActiveCfg = Release|x64
		{184D0D26-8F9C-4B5D-A80F-FEFD0CD53532}.Release|x64.Build.0 = Release|x64
		{184D0D26-8F9C-4B5D-A80F-FEFD0CD53532}.Release|x86.ActiveCfg = Release|x86
		{184D0D26-8F9C-4B5D-A80F-FEFD0CD53532}.Release|x86.Build.0 = Release|x86
	EndGlobalSection
	GlobalSection(SolutionProperties) = preSolution
		HideSolutionNode = FALSE
	EndGlobalSection
	GlobalSection(NestedProjects) = preSolution
		{FB4B0D60-43A5-4EDA-B7CB-16AC12CFF9DA} = {9D418922-5648-40D7-B0DA-70A201375918}
	EndGlobalSection
	GlobalSection(ExtensibilityGlobals) = postSolution
		SolutionGuid = {3B97529A-C16E-4D09-AAEC-60E3DED3DD0F}
	EndGlobalSection
EndGlobal
